
Microsoft Visual Studio Solution File, Format Version 12.00
# Visual Studio Version 17
VisualStudioVersion = 17.3.32804.467
MinimumVisualStudioVersion = 10.0.40219.1
Project("{9A19103F-16F7-4668-BE54-9A1E7A4F7556}") = "MissionWebApp", "MissionWebApp\MissionWebApp.csproj", "{2FFD0C96-88F3-4B40-876D-34E810E06124}"
EndProject
Global
	GlobalSection(SolutionConfigurationPlatforms) = preSolution
		Debug|Any CPU = Debug|Any CPU
		Release|Any CPU = Release|Any CPU
	EndGlobalSection
	GlobalSection(ProjectConfigurationPlatforms) = postSolution
		{2FFD0C96-88F3-4B40-876D-34E810E06124}.Debug|Any CPU.ActiveCfg = Debug|Any CPU
		{2FFD0C96-88F3-4B40-876D-34E810E06124}.Debug|Any CPU.Build.0 = Debug|Any CPU
		{2FFD0C96-88F3-4B40-876D-34E810E06124}.Release|Any CPU.ActiveCfg = Release|Any CPU
		{2FFD0C96-88F3-4B40-876D-34E810E06124}.Release|Any CPU.Build.0 = Release|Any CPU
	EndGlobalSection
	GlobalSection(SolutionProperties) = preSolution
		HideSolutionNode = FALSE
	EndGlobalSection
	GlobalSection(ExtensibilityGlobals) = postSolution
		SolutionGuid = {06845AB6-3661-4A8A-9625-4EB8E13D7127}
	EndGlobalSection
EndGlobal
